
Microsoft Visual Studio Solution File, Format Version 12.00
# Visual Studio Version 17
VisualStudioVersion = 17.3.32819.101
MinimumVisualStudioVersion = 10.0.40219.1
Project("{FAE04EC0-301F-11D3-BF4B-00C04F79EFBC}") = "HandControlSystem", "HandControlSystem\HandControlSystem.csproj", "{3B6162A1-9AE1-44E4-9A39-D24A105BA842}"
EndProject
Project("{FAE04EC0-301F-11D3-BF4B-00C04F79EFBC}") = "Common", "Common\Common.csproj", "{E1D9E008-5F59-42B4-BB0B-B8F8432F3195}"
EndProject
Project("{FAE04EC0-301F-11D3-BF4B-00C04F79EFBC}") = "Model", "Model\Model.csproj", "{FB5445F0-9472-4571-B438-B3A67B902E25}"
EndProject
Global
	GlobalSection(SolutionConfigurationPlatforms) = preSolution
		Debug|Any CPU = Debug|Any CPU
		Release|Any CPU = Release|Any CPU
	EndGlobalSection
	GlobalSection(ProjectConfigurationPlatforms) = postSolution
		{3B6162A1-9AE1-44E4-9A39-D24A105BA842}.Debug|Any CPU.ActiveCfg = Debug|Any CPU
		{3B6162A1-9AE1-44E4-9A39-D24A105BA842}.Debug|Any CPU.Build.0 = Debug|Any CPU
		{3B6162A1-9AE1-44E4-9A39-D24A105BA842}.Release|Any CPU.ActiveCfg = Release|Any CPU
		{3B6162A1-9AE1-44E4-9A39-D24A105BA842}.Release|Any CPU.Build.0 = Release|Any CPU
		{E1D9E008-5F59-42B4-BB0B-B8F8432F3195}.Debug|Any CPU.ActiveCfg = Debug|Any CPU
		{E1D9E008-5F59-42B4-BB0B-B8F8432F3195}.Debug|Any CPU.Build.0 = Debug|Any CPU
		{E1D9E008-5F59-42B4-BB0B-B8F8432F3195}.Release|Any CPU.ActiveCfg = Release|Any CPU
		{E1D9E008-5F59-42B4-BB0B-B8F8432F3195}.Release|Any CPU.Build.0 = Release|Any CPU
		{FB5445F0-9472-4571-B438-B3A67B902E25}.Debug|Any CPU.ActiveCfg = Debug|Any CPU
		{FB5445F0-9472-4571-B438-B3A67B902E25}.Debug|Any CPU.Build.0 = Debug|Any CPU
		{FB5445F0-9472-4571-B438-B3A67B902E25}.Release|Any CPU.ActiveCfg = Release|Any CPU
		{FB5445F0-9472-4571-B438-B3A67B902E25}.Release|Any CPU.Build.0 = Release|Any CPU
	EndGlobalSection
	GlobalSection(SolutionProperties) = preSolution
		HideSolutionNode = FALSE
	EndGlobalSection
	GlobalSection(ExtensibilityGlobals) = postSolution
		SolutionGuid = {F8EFF406-595F-44B8-AFEF-42EC566F4B6E}
	EndGlobalSection
EndGlobal
